
Microsoft Visual Studio Solution File, Format Version 12.00
# Visual Studio Version 17
VisualStudioVersion = 17.14.36221.1 d17.14
MinimumVisualStudioVersion = 10.0.40219.1
Project("{FAE04EC0-301F-11D3-BF4B-00C04F79EFBC}") = "ExamAspNet-WebMarket", "ExamAspNet-WebMarket.csproj", "{4D7DCDCC-0601-4F0E-92D0-28877FFB12BE}"
EndProject
Global
	GlobalSection(SolutionConfigurationPlatforms) = preSolution
		Debug|Any CPU = Debug|Any CPU
		Release|Any CPU = Release|Any CPU
	EndGlobalSection
	GlobalSection(ProjectConfigurationPlatforms) = postSolution
		{4D7DCDCC-0601-4F0E-92D0-28877FFB12BE}.Debug|Any CPU.ActiveCfg = Debug|Any CPU
		{4D7DCDCC-0601-4F0E-92D0-28877FFB12BE}.Debug|Any CPU.Build.0 = Debug|Any CPU
		{4D7DCDCC-0601-4F0E-92D0-28877FFB12BE}.Release|Any CPU.ActiveCfg = Release|Any CPU
		{4D7DCDCC-0601-4F0E-92D0-28877FFB12BE}.Release|Any CPU.Build.0 = Release|Any CPU
	EndGlobalSection
	GlobalSection(SolutionProperties) = preSolution
		HideSolutionNode = FALSE
	EndGlobalSection
	GlobalSection(ExtensibilityGlobals) = postSolution
		SolutionGuid = {E9D6B048-E783-4305-A77D-63246828ABB9}
	EndGlobalSection
EndGlobal
